
Microsoft Visual Studio Solution File, Format Version 12.00
# Visual Studio Version 17
VisualStudioVersion = 17.13.35913.81 d17.13
MinimumVisualStudioVersion = 10.0.40219.1
Project("{FAE04EC0-301F-11D3-BF4B-00C04F79EFBC}") = "WeirdIssueInMSTest3.9.0", "WeirdIssueInMSTest3.9.0.csproj", "{1CD05A17-B6C1-482A-805D-7EDD5A41F259}"
EndProject
Global
	GlobalSection(SolutionConfigurationPlatforms) = preSolution
		Debug|Any CPU = Debug|Any CPU
		Release|Any CPU = Release|Any CPU
	EndGlobalSection
	GlobalSection(ProjectConfigurationPlatforms) = postSolution
		{1CD05A17-B6C1-482A-805D-7EDD5A41F259}.Debug|Any CPU.ActiveCfg = Debug|Any CPU
		{1CD05A17-B6C1-482A-805D-7EDD5A41F259}.Debug|Any CPU.Build.0 = Debug|Any CPU
		{1CD05A17-B6C1-482A-805D-7EDD5A41F259}.Release|Any CPU.ActiveCfg = Release|Any CPU
		{1CD05A17-B6C1-482A-805D-7EDD5A41F259}.Release|Any CPU.Build.0 = Release|Any CPU
	EndGlobalSection
	GlobalSection(SolutionProperties) = preSolution
		HideSolutionNode = FALSE
	EndGlobalSection
	GlobalSection(ExtensibilityGlobals) = postSolution
		SolutionGuid = {FD6802B4-F600-449D-8DE6-A7BF906EC12E}
	EndGlobalSection
EndGlobal
